
Microsoft Visual Studio Solution File, Format Version 12.00
# Visual Studio Version 16
VisualStudioVersion = 16.0.29806.167
MinimumVisualStudioVersion = 10.0.40219.1
Project("{FAE04EC0-301F-11D3-BF4B-00C04F79EFBC}") = "外购对账审核", "外购对账审核\外购对账审核.csproj", "{96F61202-B748-42BB-9055-E5BDBD5605AA}"
EndProject
Project("{FAE04EC0-301F-11D3-BF4B-00C04F79EFBC}") = "YBF", "YBF\YBF.csproj", "{AFB15FD5-2384-4560-AA90-717E3AEE355F}"
EndProject
Project("{FAE04EC0-301F-11D3-BF4B-00C04F79EFBC}") = "工作数据分析", "工作数据分析\工作数据分析.csproj", "{E50B4FC7-E223-4986-A833-639830034FF8}"
EndProject
Project("{FAE04EC0-301F-11D3-BF4B-00C04F79EFBC}") = "综合保障中心", "综合保障中心\综合保障中心.csproj", "{CFD7E23F-51B1-49C8-BF75-0FAC72B15E6F}"
EndProject
Project("{FAE04EC0-301F-11D3-BF4B-00C04F79EFBC}") = "Test", "Test\Test.csproj", "{921BDE86-D536-4D84-9CB7-8B97358F4383}"
EndProject
Project("{FAE04EC0-301F-11D3-BF4B-00C04F79EFBC}") = "ConsoleAppBackupWorkingData", "ConsoleAppBackupWorkingData\ConsoleAppBackupWorkingData.csproj", "{5A8E8CF9-A1A1-45EE-8EE1-C55AF182611C}"
EndProject
Global
	GlobalSection(SolutionConfigurationPlatforms) = preSolution
		Debug|Any CPU = Debug|Any CPU
		Debug|Mixed Platforms = Debug|Mixed Platforms
		Debug|x86 = Debug|x86
		Release|Any CPU = Release|Any CPU
		Release|Mixed Platforms = Release|Mixed Platforms
		Release|x86 = Release|x86
	EndGlobalSection
	GlobalSection(ProjectConfigurationPlatforms) = postSolution
		{96F61202-B748-42BB-9055-E5BDBD5605AA}.Debug|Any CPU.ActiveCfg = Debug|x86
		{96F61202-B748-42BB-9055-E5BDBD5605AA}.Debug|Mixed Platforms.ActiveCfg = Debug|x86
		{96F61202-B748-42BB-9055-E5BDBD5605AA}.Debug|x86.ActiveCfg = Debug|x86
		{96F61202-B748-42BB-9055-E5BDBD5605AA}.Debug|x86.Build.0 = Debug|x86
		{96F61202-B748-42BB-9055-E5BDBD5605AA}.Release|Any CPU.ActiveCfg = Release|x86
		{96F61202-B748-42BB-9055-E5BDBD5605AA}.Release|Mixed Platforms.ActiveCfg = Release|x86
		{96F61202-B748-42BB-9055-E5BDBD5605AA}.Release|x86.ActiveCfg = Release|x86
		{96F61202-B748-42BB-9055-E5BDBD5605AA}.Release|x86.Build.0 = Release|x86
		{AFB15FD5-2384-4560-AA90-717E3AEE355F}.Debug|Any CPU.ActiveCfg = Debug|x86
		{AFB15FD5-2384-4560-AA90-717E3AEE355F}.Debug|Mixed Platforms.ActiveCfg = Debug|x86
		{AFB15FD5-2384-4560-AA90-717E3AEE355F}.Debug|Mixed Platforms.Build.0 = Debug|x86
		{AFB15FD5-2384-4560-AA90-717E3AEE355F}.Debug|x86.ActiveCfg = Debug|x86
		{AFB15FD5-2384-4560-AA90-717E3AEE355F}.Debug|x86.Build.0 = Debug|x86
		{AFB15FD5-2384-4560-AA90-717E3AEE355F}.Release|Any CPU.ActiveCfg = Release|x86
		{AFB15FD5-2384-4560-AA90-717E3AEE355F}.Release|Mixed Platforms.ActiveCfg = Release|x86
		{AFB15FD5-2384-4560-AA90-717E3AEE355F}.Release|x86.ActiveCfg = Release|x86
		{AFB15FD5-2384-4560-AA90-717E3AEE355F}.Release|x86.Build.0 = Release|x86
		{E50B4FC7-E223-4986-A833-639830034FF8}.Debug|Any CPU.ActiveCfg = Debug|x86
		{E50B4FC7-E223-4986-A833-639830034FF8}.Debug|Mixed Platforms.ActiveCfg = Debug|x86
		{E50B4FC7-E223-4986-A833-639830034FF8}.Debug|Mixed Platforms.Build.0 = Debug|x86
		{E50B4FC7-E223-4986-A833-639830034FF8}.Debug|x86.ActiveCfg = Debug|x86
		{E50B4FC7-E223-4986-A833-639830034FF8}.Debug|x86.Build.0 = Debug|x86
		{E50B4FC7-E223-4986-A833-639830034FF8}.Release|Any CPU.ActiveCfg = Release|x86
		{E50B4FC7-E223-4986-A833-639830034FF8}.Release|Mixed Platforms.ActiveCfg = Release|x86
		{E50B4FC7-E223-4986-A833-639830034FF8}.Release|Mixed Platforms.Build.0 = Release|x86
		{E50B4FC7-E223-4986-A833-639830034FF8}.Release|x86.ActiveCfg = Release|x86
		{E50B4FC7-E223-4986-A833-639830034FF8}.Release|x86.Build.0 = Release|x86
		{CFD7E23F-51B1-49C8-BF75-0FAC72B15E6F}.Debug|Any CPU.ActiveCfg = Debug|x86
		{CFD7E23F-51B1-49C8-BF75-0FAC72B15E6F}.Debug|Mixed Platforms.ActiveCfg = Debug|x86
		{CFD7E23F-51B1-49C8-BF75-0FAC72B15E6F}.Debug|Mixed Platforms.Build.0 = Debug|x86
		{CFD7E23F-51B1-49C8-BF75-0FAC72B15E6F}.Debug|x86.ActiveCfg = Debug|x86
		{CFD7E23F-51B1-49C8-BF75-0FAC72B15E6F}.Debug|x86.Build.0 = Debug|x86
		{CFD7E23F-51B1-49C8-BF75-0FAC72B15E6F}.Release|Any CPU.ActiveCfg = Release|x86
		{CFD7E23F-51B1-49C8-BF75-0FAC72B15E6F}.Release|Mixed Platforms.ActiveCfg = Release|x86
		{CFD7E23F-51B1-49C8-BF75-0FAC72B15E6F}.Release|Mixed Platforms.Build.0 = Release|x86
		{CFD7E23F-51B1-49C8-BF75-0FAC72B15E6F}.Release|x86.ActiveCfg = Release|x86
		{CFD7E23F-51B1-49C8-BF75-0FAC72B15E6F}.Release|x86.Build.0 = Release|x86
		{921BDE86-D536-4D84-9CB7-8B97358F4383}.Debug|Any CPU.ActiveCfg = Debug|Any CPU
		{921BDE86-D536-4D84-9CB7-8B97358F4383}.Debug|Any CPU.Build.0 = Debug|Any CPU
		{921BDE86-D536-4D84-9CB7-8B97358F4383}.Debug|Mixed Platforms.ActiveCfg = Debug|Any CPU
		{921BDE86-D536-4D84-9CB7-8B97358F4383}.Debug|Mixed Platforms.Build.0 = Debug|Any CPU
		{921BDE86-D536-4D84-9CB7-8B97358F4383}.Debug|x86.ActiveCfg = Debug|Any CPU
		{921BDE86-D536-4D84-9CB7-8B97358F4383}.Debug|x86.Build.0 = Debug|Any CPU
		{921BDE86-D536-4D84-9CB7-8B97358F4383}.Release|Any CPU.ActiveCfg = Release|Any CPU
		{921BDE86-D536-4D84-9CB7-8B97358F4383}.Release|Any CPU.Build.0 = Release|Any CPU
		{921BDE86-D536-4D84-9CB7-8B97358F4383}.Release|Mixed Platforms.ActiveCfg = Release|Any CPU
		{921BDE86-D536-4D84-9CB7-8B97358F4383}.Release|Mixed Platforms.Build.0 = Release|Any CPU
		{921BDE86-D536-4D84-9CB7-8B97358F4383}.Release|x86.ActiveCfg = Release|Any CPU
		{921BDE86-D536-4D84-9CB7-8B97358F4383}.Release|x86.Build.0 = Release|Any CPU
		{5A8E8CF9-A1A1-45EE-8EE1-C55AF182611C}.Debug|Any CPU.ActiveCfg = Debug|Any CPU
		{5A8E8CF9-A1A1-45EE-8EE1-C55AF182611C}.Debug|Any CPU.Build.0 = Debug|Any CPU
		{5A8E8CF9-A1A1-45EE-8EE1-C55AF182611C}.Debug|Mixed Platforms.ActiveCfg = Debug|Any CPU
		{5A8E8CF9-A1A1-45EE-8EE1-C55AF182611C}.Debug|Mixed Platforms.Build.0 = Debug|Any CPU
		{5A8E8CF9-A1A1-45EE-8EE1-C55AF182611C}.Debug|x86.ActiveCfg = Debug|Any CPU
		{5A8E8CF9-A1A1-45EE-8EE1-C55AF182611C}.Debug|x86.Build.0 = Debug|Any CPU
		{5A8E8CF9-A1A1-45EE-8EE1-C55AF182611C}.Release|Any CPU.ActiveCfg = Release|Any CPU
		{5A8E8CF9-A1A1-45EE-8EE1-C55AF182611C}.Release|Any CPU.Build.0 = Release|Any CPU
		{5A8E8CF9-A1A1-45EE-8EE1-C55AF182611C}.Release|Mixed Platforms.ActiveCfg = Release|Any CPU
		{5A8E8CF9-A1A1-45EE-8EE1-C55AF182611C}.Release|Mixed Platforms.Build.0 = Release|Any CPU
		{5A8E8CF9-A1A1-45EE-8EE1-C55AF182611C}.Release|x86.ActiveCfg = Release|Any CPU
		{5A8E8CF9-A1A1-45EE-8EE1-C55AF182611C}.Release|x86.Build.0 = Release|Any CPU
	EndGlobalSection
	GlobalSection(SolutionProperties) = preSolution
		HideSolutionNode = FALSE
	EndGlobalSection
	GlobalSection(ExtensibilityGlobals) = postSolution
		SolutionGuid = {3311BA4A-B57A-423C-918D-DAD5BD49F340}
	EndGlobalSection
EndGlobal
